
Microsoft Visual Studio Solution File, Format Version 12.00
# Visual Studio 15
VisualStudioVersion = 15.0.28307.705
MinimumVisualStudioVersion = 10.0.40219.1
Project("{FAE04EC0-301F-11D3-BF4B-00C04F79EFBC}") = "taller4.1", "taller4.1\taller4.1.csproj", "{4389CD59-7541-4968-AD36-F7F1AF6BAEED}"
EndProject
Global
	GlobalSection(SolutionConfigurationPlatforms) = preSolution
		Debug|Any CPU = Debug|Any CPU
		Release|Any CPU = Release|Any CPU
	EndGlobalSection
	GlobalSection(ProjectConfigurationPlatforms) = postSolution
		{4389CD59-7541-4968-AD36-F7F1AF6BAEED}.Debug|Any CPU.ActiveCfg = Debug|Any CPU
		{4389CD59-7541-4968-AD36-F7F1AF6BAEED}.Debug|Any CPU.Build.0 = Debug|Any CPU
		{4389CD59-7541-4968-AD36-F7F1AF6BAEED}.Release|Any CPU.ActiveCfg = Release|Any CPU
		{4389CD59-7541-4968-AD36-F7F1AF6BAEED}.Release|Any CPU.Build.0 = Release|Any CPU
	EndGlobalSection
	GlobalSection(SolutionProperties) = preSolution
		HideSolutionNode = FALSE
	EndGlobalSection
	GlobalSection(ExtensibilityGlobals) = postSolution
		SolutionGuid = {C6FD51FF-C0EA-4F14-B93E-E991D923931A}
	EndGlobalSection
EndGlobal
